
Microsoft Visual Studio Solution File, Format Version 12.00
# Visual Studio 15
VisualStudioVersion = 15.0.28010.2050
MinimumVisualStudioVersion = 10.0.40219.1
Project("{FAE04EC0-301F-11D3-BF4B-00C04F79EFBC}") = "NewLearn", "NewLearn\NewLearn.csproj", "{ABE2A2CA-9FA0-4118-8424-29E97FE4AA3D}"
EndProject
Global
	GlobalSection(SolutionConfigurationPlatforms) = preSolution
		Debug|Any CPU = Debug|Any CPU
		Release|Any CPU = Release|Any CPU
	EndGlobalSection
	GlobalSection(ProjectConfigurationPlatforms) = postSolution
		{ABE2A2CA-9FA0-4118-8424-29E97FE4AA3D}.Debug|Any CPU.ActiveCfg = Debug|Any CPU
		{ABE2A2CA-9FA0-4118-8424-29E97FE4AA3D}.Debug|Any CPU.Build.0 = Debug|Any CPU
		{ABE2A2CA-9FA0-4118-8424-29E97FE4AA3D}.Release|Any CPU.ActiveCfg = Release|Any CPU
		{ABE2A2CA-9FA0-4118-8424-29E97FE4AA3D}.Release|Any CPU.Build.0 = Release|Any CPU
	EndGlobalSection
	GlobalSection(SolutionProperties) = preSolution
		HideSolutionNode = FALSE
	EndGlobalSection
	GlobalSection(ExtensibilityGlobals) = postSolution
		SolutionGuid = {33CBE4C1-8922-49EC-BB1F-906A161D04EC}
	EndGlobalSection
EndGlobal
